
Microsoft Visual Studio Solution File, Format Version 12.00
# Visual Studio Version 17
VisualStudioVersion = 17.8.34330.188
MinimumVisualStudioVersion = 10.0.40219.1
Project("{9A19103F-16F7-4668-BE54-9A1E7A4F7556}") = "IAB251_A2", "IAB251_A2.csproj", "{8AB02E80-C08C-429A-95DE-7237A78ED44E}"
EndProject
Global
	GlobalSection(SolutionConfigurationPlatforms) = preSolution
		Debug|Any CPU = Debug|Any CPU
		Release|Any CPU = Release|Any CPU
	EndGlobalSection
	GlobalSection(ProjectConfigurationPlatforms) = postSolution
		{8AB02E80-C08C-429A-95DE-7237A78ED44E}.Debug|Any CPU.ActiveCfg = Debug|Any CPU
		{8AB02E80-C08C-429A-95DE-7237A78ED44E}.Debug|Any CPU.Build.0 = Debug|Any CPU
		{8AB02E80-C08C-429A-95DE-7237A78ED44E}.Release|Any CPU.ActiveCfg = Release|Any CPU
		{8AB02E80-C08C-429A-95DE-7237A78ED44E}.Release|Any CPU.Build.0 = Release|Any CPU
	EndGlobalSection
	GlobalSection(SolutionProperties) = preSolution
		HideSolutionNode = FALSE
	EndGlobalSection
	GlobalSection(ExtensibilityGlobals) = postSolution
		SolutionGuid = {52CE8A67-AC9C-41BC-86A7-82DD2D46CFE4}
	EndGlobalSection
EndGlobal
